
Microsoft Visual Studio Solution File, Format Version 12.00
# Visual Studio 15
VisualStudioVersion = 15.0.26124.0
MinimumVisualStudioVersion = 15.0.26124.0
Project("{FAE04EC0-301F-11D3-BF4B-00C04F79EFBC}") = "scurve-speed-eval", "gui\scurve-speed-eval.csproj", "{B717FED4-7BD8-41F6-8741-C691ABC9F94C}"
EndProject
Project("{2150E333-8FDC-42A3-9474-1A3956D46DE8}") = "examples", "examples", "{AD616B37-AD80-4668-903C-6A7ED8DBE5C4}"
EndProject
Project("{FAE04EC0-301F-11D3-BF4B-00C04F79EFBC}") = "scurve-xlsx", "examples\scurve-xlsx\scurve-xlsx.csproj", "{27510521-9DAC-4C9B-B255-98DC5536A0AA}"
EndProject
Global
	GlobalSection(SolutionProperties) = preSolution
		HideSolutionNode = FALSE
	EndGlobalSection
	GlobalSection(SolutionConfigurationPlatforms) = preSolution
		Debug|Any CPU = Debug|Any CPU
		Debug|x64 = Debug|x64
		Debug|x86 = Debug|x86
		Release|Any CPU = Release|Any CPU
		Release|x64 = Release|x64
		Release|x86 = Release|x86
	EndGlobalSection
	GlobalSection(ProjectConfigurationPlatforms) = postSolution
		{B717FED4-7BD8-41F6-8741-C691ABC9F94C}.Debug|Any CPU.ActiveCfg = Debug|Any CPU
		{B717FED4-7BD8-41F6-8741-C691ABC9F94C}.Debug|Any CPU.Build.0 = Debug|Any CPU
		{B717FED4-7BD8-41F6-8741-C691ABC9F94C}.Debug|x64.ActiveCfg = Debug|Any CPU
		{B717FED4-7BD8-41F6-8741-C691ABC9F94C}.Debug|x64.Build.0 = Debug|Any CPU
		{B717FED4-7BD8-41F6-8741-C691ABC9F94C}.Debug|x86.ActiveCfg = Debug|Any CPU
		{B717FED4-7BD8-41F6-8741-C691ABC9F94C}.Debug|x86.Build.0 = Debug|Any CPU
		{B717FED4-7BD8-41F6-8741-C691ABC9F94C}.Release|Any CPU.ActiveCfg = Release|Any CPU
		{B717FED4-7BD8-41F6-8741-C691ABC9F94C}.Release|Any CPU.Build.0 = Release|Any CPU
		{B717FED4-7BD8-41F6-8741-C691ABC9F94C}.Release|x64.ActiveCfg = Release|Any CPU
		{B717FED4-7BD8-41F6-8741-C691ABC9F94C}.Release|x64.Build.0 = Release|Any CPU
		{B717FED4-7BD8-41F6-8741-C691ABC9F94C}.Release|x86.ActiveCfg = Release|Any CPU
		{B717FED4-7BD8-41F6-8741-C691ABC9F94C}.Release|x86.Build.0 = Release|Any CPU
		{27510521-9DAC-4C9B-B255-98DC5536A0AA}.Debug|Any CPU.ActiveCfg = Debug|Any CPU
		{27510521-9DAC-4C9B-B255-98DC5536A0AA}.Debug|Any CPU.Build.0 = Debug|Any CPU
		{27510521-9DAC-4C9B-B255-98DC5536A0AA}.Debug|x64.ActiveCfg = Debug|Any CPU
		{27510521-9DAC-4C9B-B255-98DC5536A0AA}.Debug|x64.Build.0 = Debug|Any CPU
		{27510521-9DAC-4C9B-B255-98DC5536A0AA}.Debug|x86.ActiveCfg = Debug|Any CPU
		{27510521-9DAC-4C9B-B255-98DC5536A0AA}.Debug|x86.Build.0 = Debug|Any CPU
		{27510521-9DAC-4C9B-B255-98DC5536A0AA}.Release|Any CPU.ActiveCfg = Release|Any CPU
		{27510521-9DAC-4C9B-B255-98DC5536A0AA}.Release|Any CPU.Build.0 = Release|Any CPU
		{27510521-9DAC-4C9B-B255-98DC5536A0AA}.Release|x64.ActiveCfg = Release|Any CPU
		{27510521-9DAC-4C9B-B255-98DC5536A0AA}.Release|x64.Build.0 = Release|Any CPU
		{27510521-9DAC-4C9B-B255-98DC5536A0AA}.Release|x86.ActiveCfg = Release|Any CPU
		{27510521-9DAC-4C9B-B255-98DC5536A0AA}.Release|x86.Build.0 = Release|Any CPU
	EndGlobalSection
	GlobalSection(NestedProjects) = preSolution
		{27510521-9DAC-4C9B-B255-98DC5536A0AA} = {AD616B37-AD80-4668-903C-6A7ED8DBE5C4}
	EndGlobalSection
EndGlobal
